
Microsoft Visual Studio Solution File, Format Version 12.00
# Visual Studio Version 17
VisualStudioVersion = 17.4.33205.214
MinimumVisualStudioVersion = 10.0.40219.1
Project("{FAE04EC0-301F-11D3-BF4B-00C04F79EFBC}") = "Matteo-Yuri", "Matteo-Yuri.csproj", "{70575895-70ED-4E0A-82DB-64FC5DD3848C}"
EndProject
Global
	GlobalSection(SolutionConfigurationPlatforms) = preSolution
		Debug|Any CPU = Debug|Any CPU
		Release|Any CPU = Release|Any CPU
	EndGlobalSection
	GlobalSection(ProjectConfigurationPlatforms) = postSolution
		{70575895-70ED-4E0A-82DB-64FC5DD3848C}.Debug|Any CPU.ActiveCfg = Debug|Any CPU
		{70575895-70ED-4E0A-82DB-64FC5DD3848C}.Debug|Any CPU.Build.0 = Debug|Any CPU
		{70575895-70ED-4E0A-82DB-64FC5DD3848C}.Release|Any CPU.ActiveCfg = Release|Any CPU
		{70575895-70ED-4E0A-82DB-64FC5DD3848C}.Release|Any CPU.Build.0 = Release|Any CPU
	EndGlobalSection
	GlobalSection(SolutionProperties) = preSolution
		HideSolutionNode = FALSE
	EndGlobalSection
	GlobalSection(ExtensibilityGlobals) = postSolution
		SolutionGuid = {80EDCA10-BEF5-49E3-842E-E96B1E9F6910}
	EndGlobalSection
EndGlobal
